
Microsoft Visual Studio Solution File, Format Version 12.00
# Visual Studio Version 16
VisualStudioVersion = 16.0.29709.97
MinimumVisualStudioVersion = 10.0.40219.1
Project("{9A19103F-16F7-4668-BE54-9A1E7A4F7556}") = "gghud", "gghud.csproj", "{6E46B917-9701-4CDD-88A0-DB440D4F684C}"
EndProject
Global
	GlobalSection(SolutionConfigurationPlatforms) = preSolution
		Debug|Any CPU = Debug|Any CPU
		Release|Any CPU = Release|Any CPU
	EndGlobalSection
	GlobalSection(ProjectConfigurationPlatforms) = postSolution
		{6E46B917-9701-4CDD-88A0-DB440D4F684C}.Debug|Any CPU.ActiveCfg = Debug|Any CPU
		{6E46B917-9701-4CDD-88A0-DB440D4F684C}.Debug|Any CPU.Build.0 = Debug|Any CPU
		{6E46B917-9701-4CDD-88A0-DB440D4F684C}.Release|Any CPU.ActiveCfg = Release|Any CPU
		{6E46B917-9701-4CDD-88A0-DB440D4F684C}.Release|Any CPU.Build.0 = Release|Any CPU
	EndGlobalSection
	GlobalSection(SolutionProperties) = preSolution
		HideSolutionNode = FALSE
	EndGlobalSection
	GlobalSection(ExtensibilityGlobals) = postSolution
		SolutionGuid = {4102956D-A2B1-4AA4-9154-D8DEE05F089B}
	EndGlobalSection
EndGlobal
